github.com/ImBubbles/MySMTP v0.0.5 h1:B3xMqOcwhvLtRRVobAmjo0EL5TUnhGsho9BwatB1uBE=
github.com/ImBubbles/MySMTP v0.0.5/go.mod h1:XNzMAqm/7GgmPPIaYOVOA1TBFXT7mLMBYWUyK0EPxPk=
github.com/ImBubbles/MySMTP v0.0.6 h1:1dSsmFSOxImiWvw8DOzhRNmCuNT5uc7orwUOCeSpTA4=
github.com/ImBubbles/MySMTP v0.0.6/go.mod h1:XNzMAqm/7GgmPPIaYOVOA1TBFXT7mLMBYWUyK0EPxPk=
